
Microsoft Visual Studio Solution File, Format Version 12.00
# Visual Studio Version 17
VisualStudioVersion = 17.0.31903.59
MinimumVisualStudioVersion = 10.0.40219.1
Project("{9A19103F-16F7-4668-BE54-9A1E7A4F7556}") = "AgaiUI", "Blazor\AgaiUI.csproj", "{D370F018-0379-4226-837A-716415EBDAB0}"
EndProject
Project("{9A19103F-16F7-4668-BE54-9A1E7A4F7556}") = "AgaiEngine", "AgaiEngine\AgaiEngine.csproj", "{B61F0273-1B8A-43E3-AF73-CCADDA63BABA}"
EndProject
Project("{9A19103F-16F7-4668-BE54-9A1E7A4F7556}") = "Core", "Core\Core.csproj", "{B8E916B7-C01E-4684-8923-0FD5667DC339}"
EndProject
Project("{FAE04EC0-301F-11D3-BF4B-00C04F79EFBC}") = "AgaiPWA", "AgaiPWA\AgaiPWA.csproj", "{EDD2DEE6-D3B0-4023-943D-2E2E4CDCFCCF}"
EndProject
Global
	GlobalSection(SolutionConfigurationPlatforms) = preSolution
		Debug|Any CPU = Debug|Any CPU
		Release|Any CPU = Release|Any CPU
	EndGlobalSection
	GlobalSection(ProjectConfigurationPlatforms) = postSolution
		{D370F018-0379-4226-837A-716415EBDAB0}.Debug|Any CPU.ActiveCfg = Debug|Any CPU
		{D370F018-0379-4226-837A-716415EBDAB0}.Debug|Any CPU.Build.0 = Debug|Any CPU
		{D370F018-0379-4226-837A-716415EBDAB0}.Release|Any CPU.ActiveCfg = Release|Any CPU
		{D370F018-0379-4226-837A-716415EBDAB0}.Release|Any CPU.Build.0 = Release|Any CPU
		{B61F0273-1B8A-43E3-AF73-CCADDA63BABA}.Debug|Any CPU.ActiveCfg = Debug|Any CPU
		{B61F0273-1B8A-43E3-AF73-CCADDA63BABA}.Debug|Any CPU.Build.0 = Debug|Any CPU
		{B61F0273-1B8A-43E3-AF73-CCADDA63BABA}.Release|Any CPU.ActiveCfg = Release|Any CPU
		{B61F0273-1B8A-43E3-AF73-CCADDA63BABA}.Release|Any CPU.Build.0 = Release|Any CPU
		{B8E916B7-C01E-4684-8923-0FD5667DC339}.Debug|Any CPU.ActiveCfg = Debug|Any CPU
		{B8E916B7-C01E-4684-8923-0FD5667DC339}.Debug|Any CPU.Build.0 = Debug|Any CPU
		{B8E916B7-C01E-4684-8923-0FD5667DC339}.Release|Any CPU.ActiveCfg = Release|Any CPU
		{B8E916B7-C01E-4684-8923-0FD5667DC339}.Release|Any CPU.Build.0 = Release|Any CPU
		{EDD2DEE6-D3B0-4023-943D-2E2E4CDCFCCF}.Debug|Any CPU.ActiveCfg = Debug|Any CPU
		{EDD2DEE6-D3B0-4023-943D-2E2E4CDCFCCF}.Debug|Any CPU.Build.0 = Debug|Any CPU
		{EDD2DEE6-D3B0-4023-943D-2E2E4CDCFCCF}.Release|Any CPU.ActiveCfg = Release|Any CPU
		{EDD2DEE6-D3B0-4023-943D-2E2E4CDCFCCF}.Release|Any CPU.Build.0 = Release|Any CPU
	EndGlobalSection
	GlobalSection(SolutionProperties) = preSolution
		HideSolutionNode = FALSE
	EndGlobalSection
	GlobalSection(ExtensibilityGlobals) = postSolution
		SolutionGuid = {FEF5F849-EE3D-4BEC-9B70-08E1F7A491F6}
	EndGlobalSection
EndGlobal
